// !$*UTF8*$!
{
	archiveVersion = 1;
	classes = {
	};
	objectVersion = 48;
	objects = {

/* Begin PBXBuildFile section */
		5F514E351F95109800F5EDEC /* AppDelegate.swift in Sources */ = {isa = PBXBuildFile; fileRef = 5F514E341F95109800F5EDEC /* AppDelegate.swift */; };
		5F514E371F95109800F5EDEC /* ViewController.swift in Sources */ = {isa = PBXBuildFile; fileRef = 5F514E361F95109800F5EDEC /* ViewController.swift */; };
		5F514E3A1F95109800F5EDEC /* Main.storyboard in Resources */ = {isa = PBXBuildFile; fileRef = 5F514E381F95109800F5EDEC /* Main.storyboard */; };
		5F514E3C1F95109800F5EDEC /* Assets.xcassets in Resources */ = {isa = PBXBuildFile; fileRef = 5F514E3B1F95109800F5EDEC /* Assets.xcassets */; };
		5F514E3F1F95109800F5EDEC /* LaunchScreen.storyboard in Resources */ = {isa = PBXBuildFile; fileRef = 5F514E3D1F95109800F5EDEC /* LaunchScreen.storyboard */; };
		5F514E4A1F95109900F5EDEC /* TestProjectTests.swift in Sources */ = {isa = PBXBuildFile; fileRef = 5F514E491F95109900F5EDEC /* TestProjectTests.swift */; };
		5F514E551F95109900F5EDEC /* TestProjectUITests.swift in Sources */ = {isa = PBXBuildFile; fileRef = 5F514E541F95109900F5EDEC /* TestProjectUITests.swift */; };
/* End PBXBuildFile section */

/* Begin PBXContainerItemProxy section */
		5F514E461F95109900F5EDEC /* PBXContainerItemProxy */ = {
			isa = PBXContainerItemProxy;
			containerPortal = 5F514E291F95109800F5EDEC /* Project object */;
			proxyType = 1;
			remoteGlobalIDString = 5F514E301F95109800F5EDEC;
			remoteInfo = TestProject;
		};
		5F514E511F95109900F5EDEC /* PBXContainerItemProxy */ = {
			isa = PBXContainerItemProxy;
			containerPortal = 5F514E291F95109800F5EDEC /* Project object */;
			proxyType = 1;
			remoteGlobalIDString = 5F514E301F95109800F5EDEC;
			remoteInfo = TestProject;
		};
/* End PBXContainerItemProxy section */

/* Begin PBXFileReference section */
		5F514E311F95109800F5EDEC /* TestProject.app */ = {isa = PBXFileReference; explicitFileType = wrapper.application; includeInIndex = 0; path = TestProject.app; sourceTree = BUILT_PRODUCTS_DIR; };
		5F514E341F95109800F5EDEC /* AppDelegate.swift */ = {isa = PBXFileReference; lastKnownFileType = sourcecode.swift; path = AppDelegate.swift; sourceTree = "<group>"; };
		5F514E361F95109800F5EDEC /* ViewController.swift */ = {isa = PBXFileReference; lastKnownFileType = sourcecode.swift; path = ViewController.swift; sourceTree = "<group>"; };
		5F514E391F95109800F5EDEC /* Base */ = {isa = PBXFileReference; lastKnownFileType = file.storyboard; name = Base; path = Base.lproj/Main.storyboard; sourceTree = "<group>"; };
		5F514E3B1F95109800F5EDEC /* Assets.xcassets */ = {isa = PBXFileReference; lastKnownFileType = folder.assetcatalog; path = Assets.xcassets; sourceTree = "<group>"; };
		5F514E3E1F95109800F5EDEC /* Base */ = {isa = PBXFileReference; lastKnownFileType = file.storyboard; name = Base; path = Base.lproj/LaunchScreen.storyboard; sourceTree = "<group>"; };
		5F514E401F95109800F5EDEC /* Info.plist */ = {isa = PBXFileReference; lastKnownFileType = text.plist.xml; path = Info.plist; sourceTree = "<group>"; };
		5F514E451F95109900F5EDEC /* TestProjectTests.xctest */ = {isa = PBXFileReference; explicitFileType = wrapper.cfbundle; includeInIndex = 0; path = TestProjectTests.xctest; sourceTree = BUILT_PRODUCTS_DIR; };
		5F514E491F95109900F5EDEC /* TestProjectTests.swift */ = {isa = PBXFileReference; lastKnownFileType = sourcecode.swift; path = TestProjectTests.swift; sourceTree = "<group>"; };
		5F514E4B1F95109900F5EDEC /* Info.plist */ = {isa = PBXFileReference; lastKnownFileType = text.plist.xml; path = Info.plist; sourceTree = "<group>"; };
		5F514E501F95109900F5EDEC /* TestProjectUITests.xctest */ = {isa = PBXFileReference; explicitFileType = wrapper.cfbundle; includeInIndex = 0; path = TestProjectUITests.xctest; sourceTree = BUILT_PRODUCTS_DIR; };
		5F514E541F95109900F5EDEC /* TestProjectUITests.swift */ = {isa = PBXFileReference; lastKnownFileType = sourcecode.swift; path = TestProjectUITests.swift; sourceTree = "<group>"; };
		5F514E561F95109900F5EDEC /* Info.plist */ = {isa = PBXFileReference; lastKnownFileType = text.plist.xml; path = Info.plist; sourceTree = "<group>"; };
/* End PBXFileReference section */

/* Begin PBXFrameworksBuildPhase section */
		5F514E2E1F95109800F5EDEC /* Frameworks */ = {
			isa = PBXFrameworksBuildPhase;
			buildActionMask = 2147483647;
			files = (
			);
			runOnlyForDeploymentPostprocessing = 0;
		};
		5F514E421F95109900F5EDEC /* Frameworks */ = {
			isa = PBXFrameworksBuildPhase;
			buildActionMask = 2147483647;
			files = (
			);
			runOnlyForDeploymentPostprocessing = 0;
		};
		5F514E4D1F95109900F5EDEC /* Frameworks */ = {
			isa = PBXFrameworksBuildPhase;
			buildActionMask = 2147483647;
			files = (
			);
			runOnlyForDeploymentPostprocessing = 0;
		};
/* End PBXFrameworksBuildPhase section */

/* Begin PBXGroup section */
		5F514E281F95109800F5EDEC = {
			isa = PBXGroup;
			children = (
				5F514E331F95109800F5EDEC /* TestProject */,
				5F514E481F95109900F5EDEC /* TestProjectTests */,
				5F514E531F95109900F5EDEC /* TestProjectUITests */,
				5F514E321F95109800F5EDEC /* Products */,
			);
			sourceTree = "<group>";
		};
		5F514E321F95109800F5EDEC /* Products */ = {
			isa = PBXGroup;
			children = (
				5F514E311F95109800F5EDEC /* TestProject.app */,
				5F514E451F95109900F5EDEC /* TestProjectTests.xctest */,
				5F514E501F95109900F5EDEC /* TestProjectUITests.xctest */,
			);
			name = Products;
			sourceTree = "<group>";
		};
		5F514E331F95109800F5EDEC /* TestProject */ = {
			isa = PBXGroup;
			children = (
				5F514E341F95109800F5EDEC /* AppDelegate.swift */,
				5F514E361F95109800F5EDEC /* ViewController.swift */,
				5F514E381F95109800F5EDEC /* Main.storyboard */,
				5F514E3B1F95109800F5EDEC /* Assets.xcassets */,
				5F514E3D1F95109800F5EDEC /* LaunchScreen.storyboard */,
				5F514E401F95109800F5EDEC /* Info.plist */,
			);
			path = TestProject;
			sourceTree = "<group>";
		};
		5F514E481F95109900F5EDEC /* TestProjectTests */ = {
			isa = PBXGroup;
			children = (
				5F514E491F95109900F5EDEC /* TestProjectTests.swift */,
				5F514E4B1F95109900F5EDEC /* Info.plist */,
			);
			path = TestProjectTests;
			sourceTree = "<group>";
		};
		5F514E531F95109900F5EDEC /* TestProjectUITests */ = {
			isa = PBXGroup;
			children = (
				5F514E541F95109900F5EDEC /* TestProjectUITests.swift */,
				5F514E561F95109900F5EDEC /* Info.plist */,
			);
			path = TestProjectUITests;
			sourceTree = "<group>";
		};
/* End PBXGroup section */

/* Begin PBXNativeTarget section */
		5F514E301F95109800F5EDEC /* TestProject */ = {
			isa = PBXNativeTarget;
			buildConfigurationList = 5F514E591F95109900F5EDEC /* Build configuration list for PBXNativeTarget "TestProject" */;
			buildPhases = (
				5F514E2D1F95109800F5EDEC /* Sources */,
				5F514E2E1F95109800F5EDEC /* Frameworks */,
				5F514E2F1F95109800F5EDEC /* Resources */,
			);
			buildRules = (
			);
			dependencies = (
			);
			name = TestProject;
			productName = TestProject;
			productReference = 5F514E311F95109800F5EDEC /* TestProject.app */;
			productType = "com.apple.product-type.application";
		};
		5F514E441F95109900F5EDEC /* TestProjectTests */ = {
			isa = PBXNativeTarget;
			buildConfigurationList = 5F514E5C1F95109900F5EDEC /* Build configuration list for PBXNativeTarget "TestProjectTests" */;
			buildPhases = (
				5F514E411F95109900F5EDEC /* Sources */,
				5F514E421F95109900F5EDEC /* Frameworks */,
				5F514E431F95109900F5EDEC /* Resources */,
			);
			buildRules = (
			);
			dependencies = (
				5F514E471F95109900F5EDEC /* PBXTargetDependency */,
			);
			name = TestProjectTests;
			productName = TestProjectTests;
			productReference = 5F514E451F95109900F5EDEC /* TestProjectTests.xctest */;
			productType = "com.apple.product-type.bundle.unit-test";
		};
		5F514E4F1F95109900F5EDEC /* TestProjectUITests */ = {
			isa = PBXNativeTarget;
			buildConfigurationList = 5F514E5F1F95109900F5EDEC /* Build configuration list for PBXNativeTarget "TestProjectUITests" */;
			buildPhases = (
				5F514E4C1F95109900F5EDEC /* Sources */,
				5F514E4D1F95109900F5EDEC /* Frameworks */,
				5F514E4E1F95109900F5EDEC /* Resources */,
			);
			buildRules = (
			);
			dependencies = (
				5F514E521F95109900F5EDEC /* PBXTargetDependency */,
			);
			name = TestProjectUITests;
			productName = TestProjectUITests;
			productReference = 5F514E501F95109900F5EDEC /* TestProjectUITests.xctest */;
			productType = "com.apple.product-type.bundle.ui-testing";
		};
/* End PBXNativeTarget section */

/* Begin PBXProject section */
		5F514E291F95109800F5EDEC /* Project object */ = {
			isa = PBXProject;
			attributes = {
				LastSwiftUpdateCheck = 0900;
				LastUpgradeCheck = 0900;
				ORGANIZATIONNAME = "Alex Liu";
				TargetAttributes = {
					5F514E301F95109800F5EDEC = {
						CreatedOnToolsVersion = 9.0;
						ProvisioningStyle = Automatic;
					};
					5F514E441F95109900F5EDEC = {
						CreatedOnToolsVersion = 9.0;
						ProvisioningStyle = Automatic;
						TestTargetID = 5F514E301F95109800F5EDEC;
					};
					5F514E4F1F95109900F5EDEC = {
						CreatedOnToolsVersion = 9.0;
						ProvisioningStyle = Automatic;
						TestTargetID = 5F514E301F95109800F5EDEC;
					};
				};
			};
			buildConfigurationList = 5F514E2C1F95109800F5EDEC /* Build configuration list for PBXProject "TestProject" */;
			compatibilityVersion = "Xcode 8.0";
			developmentRegion = en;
			hasScannedForEncodings = 0;
			knownRegions = (
				en,
				Base,
			);
			mainGroup = 5F514E281F95109800F5EDEC;
			productRefGroup = 5F514E321F95109800F5EDEC /* Products */;
			projectDirPath = "";
			projectRoot = "";
			targets = (
				5F514E301F95109800F5EDEC /* TestProject */,
				5F514E441F95109900F5EDEC /* TestProjectTests */,
				5F514E4F1F95109900F5EDEC /* TestProjectUITests */,
			);
		};
/* End PBXProject section */

/* Begin PBXResourcesBuildPhase section */
		5F514E2F1F95109800F5EDEC /* Resources */ = {
			isa = PBXResourcesBuildPhase;
			buildActionMask = 2147483647;
			files = (
				5F514E3F1F95109800F5EDEC /* LaunchScreen.storyboard in Resources */,
				5F514E3C1F95109800F5EDEC /* Assets.xcassets in Resources */,
				5F514E3A1F95109800F5EDEC /* Main.storyboard in Resources */,
			);
			runOnlyForDeploymentPostprocessing = 0;
		};
		5F514E431F95109900F5EDEC /* Resources */ = {
			isa = PBXResourcesBuildPhase;
			buildActionMask = 2147483647;
			files = (
			);
			runOnlyForDeploymentPostprocessing = 0;
		};
		5F514E4E1F95109900F5EDEC /* Resources */ = {
			isa = PBXResourcesBuildPhase;
			buildActionMask = 2147483647;
			files = (
			);
			runOnlyForDeploymentPostprocessing = 0;
		};
/* End PBXResourcesBuildPhase section */

/* Begin PBXSourcesBuildPhase section */
		5F514E2D1F95109800F5EDEC /* Sources */ = {
			isa = PBXSourcesBuildPhase;
			buildActionMask = 2147483647;
			files = (
				5F514E371F95109800F5EDEC /* ViewController.swift in Sources */,
				5F514E351F95109800F5EDEC /* AppDelegate.swift in Sources */,
			);
			runOnlyForDeploymentPostprocessing = 0;
		};
		5F514E411F95109900F5EDEC /* Sources */ = {
			isa = PBXSourcesBuildPhase;
			buildActionMask = 2147483647;
			files = (
				5F514E4A1F95109900F5EDEC /* TestProjectTests.swift in Sources */,
			);
			runOnlyForDeploymentPostprocessing = 0;
		};
		5F514E4C1F95109900F5EDEC /* Sources */ = {
			isa = PBXSourcesBuildPhase;
			buildActionMask = 2147483647;
			files = (
				5F514E551F95109900F5EDEC /* TestProjectUITests.swift in Sources */,
			);
			runOnlyForDeploymentPostprocessing = 0;
		};
/* End PBXSourcesBuildPhase section */

/* Begin PBXTargetDependency section */
		5F514E471F95109900F5EDEC /* PBXTargetDependency */ = {
			isa = PBXTargetDependency;
			target = 5F514E301F95109800F5EDEC /* TestProject */;
			targetProxy = 5F514E461F95109900F5EDEC /* PBXContainerItemProxy */;
		};
		5F514E521F95109900F5EDEC /* PBXTargetDependency */ = {
			isa = PBXTargetDependency;
			target = 5F514E301F95109800F5EDEC /* TestProject */;
			targetProxy = 5F514E511F95109900F5EDEC /* PBXContainerItemProxy */;
		};
/* End PBXTargetDependency section */

/* Begin PBXVariantGroup section */
		5F514E381F95109800F5EDEC /* Main.storyboard */ = {
			isa = PBXVariantGroup;
			children = (
				5F514E391F95109800F5EDEC /* Base */,
			);
			name = Main.storyboard;
			sourceTree = "<group>";
		};
		5F514E3D1F95109800F5EDEC /* LaunchScreen.storyboard */ = {
			isa = PBXVariantGroup;
			children = (
				5F514E3E1F95109800F5EDEC /* Base */,
			);
			name = LaunchScreen.storyboard;
			sourceTree = "<group>";
		};
/* End PBXVariantGroup section */

/* Begin XCBuildConfiguration section */
		5F514E571F95109900F5EDEC /* Debug */ = {
			isa = XCBuildConfiguration;
			buildSettings = {
				ALWAYS_SEARCH_USER_PATHS = NO;
				CLANG_ANALYZER_NONNULL = YES;
				CLANG_ANALYZER_NUMBER_OBJECT_CONVERSION = YES_AGGRESSIVE;
				CLANG_CXX_LANGUAGE_STANDARD = "gnu++14";
				CLANG_CXX_LIBRARY = "libc++";
				CLANG_ENABLE_MODULES = YES;
				CLANG_ENABLE_OBJC_ARC = YES;
				CLANG_WARN_BLOCK_CAPTURE_AUTORELEASING = YES;
				CLANG_WARN_BOOL_CONVERSION = YES;
				CLANG_WARN_COMMA = YES;
				CLANG_WARN_CONSTANT_CONVERSION = YES;
				CLANG_WARN_DIRECT_OBJC_ISA_USAGE = YES_ERROR;
				CLANG_WARN_DOCUMENTATION_COMMENTS = YES;
				CLANG_WARN_EMPTY_BODY = YES;
				CLANG_WARN_ENUM_CONVERSION = YES;
				CLANG_WARN_INFINITE_RECURSION = YES;
				CLANG_WARN_INT_CONVERSION = YES;
				CLANG_WARN_NON_LITERAL_NULL_CONVERSION = YES;
				CLANG_WARN_OBJC_LITERAL_CONVERSION = YES;
				CLANG_WARN_OBJC_ROOT_CLASS = YES_ERROR;
				CLANG_WARN_RANGE_LOOP_ANALYSIS = YES;
				CLANG_WARN_STRICT_PROTOTYPES = YES;
				CLANG_WARN_SUSPICIOUS_MOVE = YES;
				CLANG_WARN_UNGUARDED_AVAILABILITY = YES_AGGRESSIVE;
				CLANG_WARN_UNREACHABLE_CODE = YES;
				CLANG_WARN__DUPLICATE_METHOD_MATCH = YES;
				CODE_SIGN_IDENTITY = "iPhone Developer";
				COPY_PHASE_STRIP = NO;
				DEBUG_INFORMATION_FORMAT = dwarf;
				ENABLE_STRICT_OBJC_MSGSEND = YES;
				ENABLE_TESTABILITY = YES;
				GCC_C_LANGUAGE_STANDARD = gnu11;
				GCC_DYNAMIC_NO_PIC = NO;
				GCC_NO_COMMON_BLOCKS = YES;
				GCC_OPTIMIZATION_LEVEL = 0;
				GCC_PREPROCESSOR_DEFINITIONS = (
					"DEBUG=1",
					"$(inherited)",
				);
				GCC_WARN_64_TO_32_BIT_CONVERSION = YES;
				GCC_WARN_ABOUT_RETURN_TYPE = YES_ERROR;
				GCC_WARN_UNDECLARED_SELECTOR = YES;
				GCC_WARN_UNINITIALIZED_AUTOS = YES_AGGRESSIVE;
				GCC_WARN_UNUSED_FUNCTION = YES;
				GCC_WARN_UNUSED_VARIABLE = YES;
				IPHONEOS_DEPLOYMENT_TARGET = 11.0;
				MTL_ENABLE_DEBUG_INFO = YES;
				ONLY_ACTIVE_ARCH = YES;
				SDKROOT = iphoneos;
				SWIFT_ACTIVE_COMPILATION_CONDITIONS = DEBUG;
				SWIFT_OPTIMIZATION_LEVEL = "-Onone";
			};
			name = Debug;
		};
		5F514E581F95109900F5EDEC /* Release */ = {
			isa = XCBuildConfiguration;
			buildSettings = {
				ALWAYS_SEARCH_USER_PATHS = NO;
				CLANG_ANALYZER_NONNULL = YES;
				CLANG_ANALYZER_NUMBER_OBJECT_CONVERSION = YES_AGGRESSIVE;
				CLANG_CXX_LANGUAGE_STANDARD = "gnu++14";
				CLANG_CXX_LIBRARY = "libc++";
				CLANG_ENABLE_MODULES = YES;
				CLANG_ENABLE_OBJC_ARC = YES;
				CLANG_WARN_BLOCK_CAPTURE_AUTORELEASING = YES;
				CLANG_WARN_BOOL_CONVERSION = YES;
				CLANG_WARN_COMMA = YES;
				CLANG_WARN_CONSTANT_CONVERSION = YES;
				CLANG_WARN_DIRECT_OBJC_ISA_USAGE = YES_ERROR;
				CLANG_WARN_DOCUMENTATION_COMMENTS = YES;
				CLANG_WARN_EMPTY_BODY = YES;
				CLANG_WARN_ENUM_CONVERSION = YES;
				CLANG_WARN_INFINITE_RECURSION = YES;
				CLANG_WARN_INT_CONVERSION = YES;
				CLANG_WARN_NON_LITERAL_NULL_CONVERSION = YES;
				CLANG_WARN_OBJC_LITERAL_CONVERSION = YES;
				CLANG_WARN_OBJC_ROOT_CLASS = YES_ERROR;
				CLANG_WARN_RANGE_LOOP_ANALYSIS = YES;
				CLANG_WARN_STRICT_PROTOTYPES = YES;
				CLANG_WARN_SUSPICIOUS_MOVE = YES;
				CLANG_WARN_UNGUARDED_AVAILABILITY = YES_AGGRESSIVE;
				CLANG_WARN_UNREACHABLE_CODE = YES;
				CLANG_WARN__DUPLICATE_METHOD_MATCH = YES;
				CODE_SIGN_IDENTITY = "iPhone Developer";
				COPY_PHASE_STRIP = NO;
				DEBUG_INFORMATION_FORMAT = "dwarf-with-dsym";
				ENABLE_NS_ASSERTIONS = NO;
				ENABLE_STRICT_OBJC_MSGSEND = YES;
				GCC_C_LANGUAGE_STANDARD = gnu11;
				GCC_NO_COMMON_BLOCKS = YES;
				GCC_WARN_64_TO_32_BIT_CONVERSION = YES;
				GCC_WARN_ABOUT_RETURN_TYPE = YES_ERROR;
				GCC_WARN_UNDECLARED_SELECTOR = YES;
				GCC_WARN_UNINITIALIZED_AUTOS = YES_AGGRESSIVE;
				GCC_WARN_UNUSED_FUNCTION = YES;
				GCC_WARN_UNUSED_VARIABLE = YES;
				IPHONEOS_DEPLOYMENT_TARGET = 11.0;
				MTL_ENABLE_DEBUG_INFO = NO;
				SDKROOT = iphoneos;
				SWIFT_OPTIMIZATION_LEVEL = "-Owholemodule";
				VALIDATE_PRODUCT = YES;
			};
			name = Release;
		};
		5F514E5A1F95109900F5EDEC /* Debug */ = {
			isa = XCBuildConfiguration;
			buildSettings = {
				ASSETCATALOG_COMPILER_APPICON_NAME = AppIcon;
				CODE_SIGN_STYLE = Automatic;
				INFOPLIST_FILE = TestProject/Info.plist;
				LD_RUNPATH_SEARCH_PATHS = "$(inherited) @executable_path/Frameworks";
				PRODUCT_BUNDLE_IDENTIFIER = com.xe.TestProject;
				PRODUCT_NAME = "$(TARGET_NAME)";
				SWIFT_VERSION = 4.0;
				TARGETED_DEVICE_FAMILY = "1,2";
			};
			name = Debug;
		};
		5F514E5B1F95109900F5EDEC /* Release */ = {
			isa = XCBuildConfiguration;
			buildSettings = {
				ASSETCATALOG_COMPILER_APPICON_NAME = AppIcon;
				CODE_SIGN_STYLE = Automatic;
				INFOPLIST_FILE = TestProject/Info.plist;
				LD_RUNPATH_SEARCH_PATHS = "$(inherited) @executable_path/Frameworks";
				PRODUCT_BUNDLE_IDENTIFIER = com.xe.TestProject;
				PRODUCT_NAME = "$(TARGET_NAME)";
				SWIFT_VERSION = 4.0;
				TARGETED_DEVICE_FAMILY = "1,2";
			};
			name = Release;
		};
		5F514E5D1F95109900F5EDEC /* Debug */ = {
			isa = XCBuildConfiguration;
			buildSettings = {
				ALWAYS_EMBED_SWIFT_STANDARD_LIBRARIES = YES;
				BUNDLE_LOADER = "$(TEST_HOST)";
				CODE_SIGN_STYLE = Automatic;
				INFOPLIST_FILE = TestProjectTests/Info.plist;
				LD_RUNPATH_SEARCH_PATHS = "$(inherited) @executable_path/Frameworks @loader_path/Frameworks";
				PRODUCT_BUNDLE_IDENTIFIER = com.xe.TestProjectTests;
				PRODUCT_NAME = "$(TARGET_NAME)";
				SWIFT_VERSION = 4.0;
				TARGETED_DEVICE_FAMILY = "1,2";
				TEST_HOST = "$(BUILT_PRODUCTS_DIR)/TestProject.app/TestProject";
			};
			name = Debug;
		};
		5F514E5E1F95109900F5EDEC /* Release */ = {
			isa = XCBuildConfiguration;
			buildSettings = {
				ALWAYS_EMBED_SWIFT_STANDARD_LIBRARIES = YES;
				BUNDLE_LOADER = "$(TEST_HOST)";
				CODE_SIGN_STYLE = Automatic;
				INFOPLIST_FILE = TestProjectTests/Info.plist;
				LD_RUNPATH_SEARCH_PATHS = "$(inherited) @executable_path/Frameworks @loader_path/Frameworks";
				PRODUCT_BUNDLE_IDENTIFIER = com.xe.TestProjectTests;
				PRODUCT_NAME = "$(TARGET_NAME)";
				SWIFT_VERSION = 4.0;
				TARGETED_DEVICE_FAMILY = "1,2";
				TEST_HOST = "$(BUILT_PRODUCTS_DIR)/TestProject.app/TestProject";
			};
			name = Release;
		};
		5F514E601F95109900F5EDEC /* Debug */ = {
			isa = XCBuildConfiguration;
			buildSettings = {
				ALWAYS_EMBED_SWIFT_STANDARD_LIBRARIES = YES;
				CODE_SIGN_STYLE = Automatic;
				INFOPLIST_FILE = TestProjectUITests/Info.plist;
				LD_RUNPATH_SEARCH_PATHS = "$(inherited) @executable_path/Frameworks @loader_path/Frameworks";
				PRODUCT_BUNDLE_IDENTIFIER = com.xe.TestProjectUITests;
				PRODUCT_NAME = "$(TARGET_NAME)";
				SWIFT_VERSION = 4.0;
				TARGETED_DEVICE_FAMILY = "1,2";
				TEST_TARGET_NAME = TestProject;
			};
			name = Debug;
		};
		5F514E611F95109900F5EDEC /* Release */ = {
			isa = XCBuildConfiguration;
			buildSettings = {
				ALWAYS_EMBED_SWIFT_STANDARD_LIBRARIES = YES;
				CODE_SIGN_STYLE = Automatic;
				INFOPLIST_FILE = TestProjectUITests/Info.plist;
				LD_RUNPATH_SEARCH_PATHS = "$(inherited) @executable_path/Frameworks @loader_path/Frameworks";
				PRODUCT_BUNDLE_IDENTIFIER = com.xe.TestProjectUITests;
				PRODUCT_NAME = "$(TARGET_NAME)";
				SWIFT_VERSION = 4.0;
				TARGETED_DEVICE_FAMILY = "1,2";
				TEST_TARGET_NAME = TestProject;
			};
			name = Release;
		};
/* End XCBuildConfiguration section */

/* Begin XCConfigurationList section */
		5F514E2C1F95109800F5EDEC /* Build configuration list for PBXProject "TestProject" */ = {
			isa = XCConfigurationList;
			buildConfigurations = (
				5F514E571F95109900F5EDEC /* Debug */,
				5F514E581F95109900F5EDEC /* Release */,
			);
			defaultConfigurationIsVisible = 0;
			defaultConfigurationName = Release;
		};
		5F514E591F95109900F5EDEC /* Build configuration list for PBXNativeTarget "TestProject" */ = {
			isa = XCConfigurationList;
			buildConfigurations = (
				5F514E5A1F95109900F5EDEC /* Debug */,
				5F514E5B1F95109900F5EDEC /* Release */,
			);
			defaultConfigurationIsVisible = 0;
			defaultConfigurationName = Release;
		};
		5F514E5C1F95109900F5EDEC /* Build configuration list for PBXNativeTarget "TestProjectTests" */ = {
			isa = XCConfigurationList;
			buildConfigurations = (
				5F514E5D1F95109900F5EDEC /* Debug */,
				5F514E5E1F95109900F5EDEC /* Release */,
			);
			defaultConfigurationIsVisible = 0;
			defaultConfigurationName = Release;
		};
		5F514E5F1F95109900F5EDEC /* Build configuration list for PBXNativeTarget "TestProjectUITests" */ = {
			isa = XCConfigurationList;
			buildConfigurations = (
				5F514E601F95109900F5EDEC /* Debug */,
				5F514E611F95109900F5EDEC /* Release */,
			);
			defaultConfigurationIsVisible = 0;
			defaultConfigurationName = Release;
		};
/* End XCConfigurationList section */
	};
	rootObject = 5F514E291F95109800F5EDEC /* Project object */;
}
